
Microsoft Visual Studio Solution File, Format Version 12.00
# Visual Studio Version 17
VisualStudioVersion = 17.3.32901.215
MinimumVisualStudioVersion = 10.0.40219.1
Project("{FAE04EC0-301F-11D3-BF4B-00C04F79EFBC}") = "Hackathon2022 - Nivel 2", "Hackathon2022 - Nivel 2\Hackathon2022 - Nivel 2.csproj", "{B45F2E12-94E0-447D-B5F2-74B9CA02206F}"
EndProject
Project("{FAE04EC0-301F-11D3-BF4B-00C04F79EFBC}") = "Problema 2", "Problema 2\Problema 2.csproj", "{A1A0FF48-DF21-4F8A-8EDA-55F8AFB20293}"
EndProject
Project("{FAE04EC0-301F-11D3-BF4B-00C04F79EFBC}") = "Problema 3", "Problema 3\Problema 3.csproj", "{E5859A94-ACD4-4935-BB7B-F6CF460B3150}"
EndProject
Global
	GlobalSection(SolutionConfigurationPlatforms) = preSolution
		Debug|Any CPU = Debug|Any CPU
		Release|Any CPU = Release|Any CPU
	EndGlobalSection
	GlobalSection(ProjectConfigurationPlatforms) = postSolution
		{B45F2E12-94E0-447D-B5F2-74B9CA02206F}.Debug|Any CPU.ActiveCfg = Debug|Any CPU
		{B45F2E12-94E0-447D-B5F2-74B9CA02206F}.Debug|Any CPU.Build.0 = Debug|Any CPU
		{B45F2E12-94E0-447D-B5F2-74B9CA02206F}.Release|Any CPU.ActiveCfg = Release|Any CPU
		{B45F2E12-94E0-447D-B5F2-74B9CA02206F}.Release|Any CPU.Build.0 = Release|Any CPU
		{A1A0FF48-DF21-4F8A-8EDA-55F8AFB20293}.Debug|Any CPU.ActiveCfg = Debug|Any CPU
		{A1A0FF48-DF21-4F8A-8EDA-55F8AFB20293}.Debug|Any CPU.Build.0 = Debug|Any CPU
		{A1A0FF48-DF21-4F8A-8EDA-55F8AFB20293}.Release|Any CPU.ActiveCfg = Release|Any CPU
		{A1A0FF48-DF21-4F8A-8EDA-55F8AFB20293}.Release|Any CPU.Build.0 = Release|Any CPU
		{E5859A94-ACD4-4935-BB7B-F6CF460B3150}.Debug|Any CPU.ActiveCfg = Debug|Any CPU
		{E5859A94-ACD4-4935-BB7B-F6CF460B3150}.Debug|Any CPU.Build.0 = Debug|Any CPU
		{E5859A94-ACD4-4935-BB7B-F6CF460B3150}.Release|Any CPU.ActiveCfg = Release|Any CPU
		{E5859A94-ACD4-4935-BB7B-F6CF460B3150}.Release|Any CPU.Build.0 = Release|Any CPU
	EndGlobalSection
	GlobalSection(SolutionProperties) = preSolution
		HideSolutionNode = FALSE
	EndGlobalSection
	GlobalSection(ExtensibilityGlobals) = postSolution
		SolutionGuid = {4EA21608-F49D-497B-9D59-9CF45C997207}
	EndGlobalSection
EndGlobal
